
Microsoft Visual Studio Solution File, Format Version 12.00
# Visual Studio 15
VisualStudioVersion = 15.0.28307.1082
MinimumVisualStudioVersion = 10.0.40219.1
Project("{FAE04EC0-301F-11D3-BF4B-00C04F79EFBC}") = "CodeReading.View", "CodeReading.View\CodeReading.View.csproj", "{843CC45E-F0BF-4D6D-9F26-603003D0C7A1}"
	ProjectSection(ProjectDependencies) = postProject
		{8554EC17-1F31-4E14-96EB-014B8E1A87F2} = {8554EC17-1F31-4E14-96EB-014B8E1A87F2}
	EndProjectSection
EndProject
Project("{FAE04EC0-301F-11D3-BF4B-00C04F79EFBC}") = "CodeReading.Entity", "CodeReading.Entity\CodeReading.Entity.csproj", "{2742CD10-014F-424A-940E-3F5874508756}"
EndProject
Project("{FAE04EC0-301F-11D3-BF4B-00C04F79EFBC}") = "CodeReading.Service", "CodeReading.Service\CodeReading.Service.csproj", "{8554EC17-1F31-4E14-96EB-014B8E1A87F2}"
EndProject
Project("{2150E333-8FDC-42A3-9474-1A3956D46DE8}") = "Docs", "Docs", "{F71F15F9-DBC8-4F60-81DB-45CADFD544C1}"
	ProjectSection(SolutionItems) = preProject
		Docs\SPD科室字典.xlsx = Docs\SPD科室字典.xlsx
		Docs\万序健康-耗材SPD项目-图像识别数据对接方案V1.1(2020-06-22).docx = Docs\万序健康-耗材SPD项目-图像识别数据对接方案V1.1(2020-06-22).docx
		Docs\信息自动化解决方案.pptx = Docs\信息自动化解决方案.pptx
		Docs\扫描模板.zip = Docs\扫描模板.zip
		Docs\结算组单据电子审核重点.pptx = Docs\结算组单据电子审核重点.pptx
		Docs\详细设计书_医院财务纸质表单读取系统.xlsx = Docs\详细设计书_医院财务纸质表单读取系统.xlsx
	EndProjectSection
EndProject
Project("{2150E333-8FDC-42A3-9474-1A3956D46DE8}") = "DB", "DB", "{14C294F7-68F3-4114-A6BE-2F46AC77DAD7}"
	ProjectSection(SolutionItems) = preProject
		DB\DB设计.xlsx = DB\DB设计.xlsx
		DB\sql_sqlserver.sql = DB\sql_sqlserver.sql
	EndProjectSection
EndProject
Project("{2150E333-8FDC-42A3-9474-1A3956D46DE8}") = "维护前文档", "维护前文档", "{C627BF1F-D7E0-4245-86D1-E5F6D8F35815}"
	ProjectSection(SolutionItems) = preProject
		Docs\3CWDLV4.docx = Docs\3CWDLV4.docx
		Docs\维护前文档\Device.html = Docs\维护前文档\Device.html
		Docs\维护前文档\Device.jpeg = Docs\维护前文档\Device.jpeg
		Docs\维护前文档\Device.md = Docs\维护前文档\Device.md
		Docs\维护前文档\Device.pdf = Docs\维护前文档\Device.pdf
		Docs\维护前文档\Device.png = Docs\维护前文档\Device.png
		Docs\维护前文档\Device_tmp.html = Docs\维护前文档\Device_tmp.html
		Docs\维护前文档\GUI1.png = Docs\维护前文档\GUI1.png
		Docs\维护前文档\Plan.docx = Docs\维护前文档\Plan.docx
		Docs\维护前文档\Plan.html = Docs\维护前文档\Plan.html
		Docs\维护前文档\Plan.jpeg = Docs\维护前文档\Plan.jpeg
		Docs\维护前文档\Plan.md = Docs\维护前文档\Plan.md
		Docs\维护前文档\Plan.pdf = Docs\维护前文档\Plan.pdf
		Docs\维护前文档\Plan.png = Docs\维护前文档\Plan.png
		Docs\维护前文档\PlanA.mmap = Docs\维护前文档\PlanA.mmap
		Docs\维护前文档\PlanA.png = Docs\维护前文档\PlanA.png
		Docs\维护前文档\PlanB.mmap = Docs\维护前文档\PlanB.mmap
		Docs\维护前文档\PlanB.png = Docs\维护前文档\PlanB.png
		Docs\维护前文档\Prog.md = Docs\维护前文档\Prog.md
		Docs\维护前文档\Prog.mmap = Docs\维护前文档\Prog.mmap
		Docs\维护前文档\ScanRaw.jpg = Docs\维护前文档\ScanRaw.jpg
		Docs\SHILV3.1.docx = Docs\SHILV3.1.docx
		Docs\双方通讯模型.xlsx = Docs\双方通讯模型.xlsx
		Docs\维护前文档\工业相机读码方案.pptx = Docs\维护前文档\工业相机读码方案.pptx
		Docs\高净值耗材使用清单V3.1.docx = Docs\高净值耗材使用清单V3.1.docx
	EndProjectSection
EndProject
Project("{2150E333-8FDC-42A3-9474-1A3956D46DE8}") = "扫描模板修正版", "扫描模板修正版", "{B7EA26CD-1CBD-414D-AF27-F0AAF996AA9D}"
	ProjectSection(SolutionItems) = preProject
		Docs\扫描模板修正版\1.jpg = Docs\扫描模板修正版\1.jpg
		Docs\扫描模板修正版\2-1.jpg = Docs\扫描模板修正版\2-1.jpg
		Docs\扫描模板修正版\2-2.jpg = Docs\扫描模板修正版\2-2.jpg
		Docs\扫描模板修正版\2-3.jpg = Docs\扫描模板修正版\2-3.jpg
		Docs\扫描模板修正版\3.jpg = Docs\扫描模板修正版\3.jpg
		Docs\扫描模板修正版\4.jpg = Docs\扫描模板修正版\4.jpg
		Docs\扫描模板修正版\5-1.jpg = Docs\扫描模板修正版\5-1.jpg
		Docs\扫描模板修正版\5-2.jpg = Docs\扫描模板修正版\5-2.jpg
		Docs\扫描模板修正版\5-3.jpg = Docs\扫描模板修正版\5-3.jpg
		Docs\扫描模板修正版\5-4.jpg = Docs\扫描模板修正版\5-4.jpg
		Docs\扫描模板修正版\5-5.jpg = Docs\扫描模板修正版\5-5.jpg
		Docs\扫描模板修正版\6-1.jpg = Docs\扫描模板修正版\6-1.jpg
		Docs\扫描模板修正版\6-2.jpg = Docs\扫描模板修正版\6-2.jpg
		Docs\扫描模板修正版\7-1.jpg = Docs\扫描模板修正版\7-1.jpg
		Docs\扫描模板修正版\7-2.jpg = Docs\扫描模板修正版\7-2.jpg
		Docs\扫描模板修正版\8.jpg = Docs\扫描模板修正版\8.jpg
		Docs\扫描模板修正版\入库单1;1.jpg = Docs\扫描模板修正版\入库单1;1.jpg
		Docs\扫描模板修正版\入库单2;3.jpg = Docs\扫描模板修正版\入库单2;3.jpg
		Docs\扫描模板修正版\入库单3;3.jpg = Docs\扫描模板修正版\入库单3;3.jpg
		Docs\扫描模板修正版\出库单1;1.jpg = Docs\扫描模板修正版\出库单1;1.jpg
		Docs\扫描模板修正版\出库单1;3.jpg = Docs\扫描模板修正版\出库单1;3.jpg
		Docs\扫描模板修正版\出库单2;3.jpg = Docs\扫描模板修正版\出库单2;3.jpg
		Docs\扫描模板修正版\出库单3;3.jpg = Docs\扫描模板修正版\出库单3;3.jpg
		Docs\扫描模板修正版\结算单1;2.png = Docs\扫描模板修正版\结算单1;2.png
		Docs\扫描模板修正版\计费登记单.jpg = Docs\扫描模板修正版\计费登记单.jpg
		Docs\扫描模板修正版\跟台人体植入物1;2.jpg = Docs\扫描模板修正版\跟台人体植入物1;2.jpg
		Docs\扫描模板修正版\跟台人体植入物1;2备份.jpg = Docs\扫描模板修正版\跟台人体植入物1;2备份.jpg
		Docs\扫描模板修正版\跟台人体植入物2;2.jpg = Docs\扫描模板修正版\跟台人体植入物2;2.jpg
		Docs\扫描模板修正版\跟台人体植入物2;2备份.jpg = Docs\扫描模板修正版\跟台人体植入物2;2备份.jpg
		Docs\扫描模板修正版\退货单1;1.jpg = Docs\扫描模板修正版\退货单1;1.jpg
		Docs\扫描模板修正版\退货单1;2.jpg = Docs\扫描模板修正版\退货单1;2.jpg
		Docs\扫描模板修正版\退货单2;2.jpg = Docs\扫描模板修正版\退货单2;2.jpg
		Docs\扫描模板修正版\高值日清单1;1.jpg = Docs\扫描模板修正版\高值日清单1;1.jpg
		Docs\扫描模板修正版\高值日清单1;4.jpg = Docs\扫描模板修正版\高值日清单1;4.jpg
		Docs\扫描模板修正版\高值耗材使用清单1;1备份 (2).jpg = Docs\扫描模板修正版\高值耗材使用清单1;1备份 (2).jpg
		Docs\扫描模板修正版\高值耗材使用清单1;1备份.jpg = Docs\扫描模板修正版\高值耗材使用清单1;1备份.jpg
		Docs\扫描模板修正版\高值耗材使用清单1;1正面.jpg = Docs\扫描模板修正版\高值耗材使用清单1;1正面.jpg
		Docs\扫描模板修正版\高值耗材使用清单1;1背面.jpg = Docs\扫描模板修正版\高值耗材使用清单1;1背面.jpg
		Docs\扫描模板修正版\高值耗材使用清单1;2.jpg = Docs\扫描模板修正版\高值耗材使用清单1;2.jpg
		Docs\扫描模板修正版\高值耗材使用清单1;2反面.jpg = Docs\扫描模板修正版\高值耗材使用清单1;2反面.jpg
		Docs\扫描模板修正版\高值耗材使用清单1;2备份.jpg = Docs\扫描模板修正版\高值耗材使用清单1;2备份.jpg
		Docs\扫描模板修正版\高值耗材使用清单2;2.jpg = Docs\扫描模板修正版\高值耗材使用清单2;2.jpg
		Docs\扫描模板修正版\高值耗材使用清单2;2备份.jpg = Docs\扫描模板修正版\高值耗材使用清单2;2备份.jpg
		Docs\扫描模板修正版\麻醉记账单正面.jpg = Docs\扫描模板修正版\麻醉记账单正面.jpg
		Docs\扫描模板修正版\麻醉记账单背面.jpg = Docs\扫描模板修正版\麻醉记账单背面.jpg
	EndProjectSection
EndProject
Global
	GlobalSection(SolutionConfigurationPlatforms) = preSolution
		Debug|Any CPU = Debug|Any CPU
		Debug|ARM = Debug|ARM
		Debug|ARM64 = Debug|ARM64
		Debug|x64 = Debug|x64
		Debug|x86 = Debug|x86
		Release|Any CPU = Release|Any CPU
		Release|ARM = Release|ARM
		Release|ARM64 = Release|ARM64
		Release|x64 = Release|x64
		Release|x86 = Release|x86
	EndGlobalSection
	GlobalSection(ProjectConfigurationPlatforms) = postSolution
		{843CC45E-F0BF-4D6D-9F26-603003D0C7A1}.Debug|Any CPU.ActiveCfg = Debug|Any CPU
		{843CC45E-F0BF-4D6D-9F26-603003D0C7A1}.Debug|Any CPU.Build.0 = Debug|Any CPU
		{843CC45E-F0BF-4D6D-9F26-603003D0C7A1}.Debug|ARM.ActiveCfg = Debug|Any CPU
		{843CC45E-F0BF-4D6D-9F26-603003D0C7A1}.Debug|ARM.Build.0 = Debug|Any CPU
		{843CC45E-F0BF-4D6D-9F26-603003D0C7A1}.Debug|ARM64.ActiveCfg = Debug|Any CPU
		{843CC45E-F0BF-4D6D-9F26-603003D0C7A1}.Debug|ARM64.Build.0 = Debug|Any CPU
		{843CC45E-F0BF-4D6D-9F26-603003D0C7A1}.Debug|x64.ActiveCfg = Debug|Any CPU
		{843CC45E-F0BF-4D6D-9F26-603003D0C7A1}.Debug|x64.Build.0 = Debug|Any CPU
		{843CC45E-F0BF-4D6D-9F26-603003D0C7A1}.Debug|x86.ActiveCfg = Debug|Any CPU
		{843CC45E-F0BF-4D6D-9F26-603003D0C7A1}.Debug|x86.Build.0 = Debug|Any CPU
		{843CC45E-F0BF-4D6D-9F26-603003D0C7A1}.Release|Any CPU.ActiveCfg = Release|Any CPU
		{843CC45E-F0BF-4D6D-9F26-603003D0C7A1}.Release|Any CPU.Build.0 = Release|Any CPU
		{843CC45E-F0BF-4D6D-9F26-603003D0C7A1}.Release|ARM.ActiveCfg = Release|Any CPU
		{843CC45E-F0BF-4D6D-9F26-603003D0C7A1}.Release|ARM.Build.0 = Release|Any CPU
		{843CC45E-F0BF-4D6D-9F26-603003D0C7A1}.Release|ARM64.ActiveCfg = Release|Any CPU
		{843CC45E-F0BF-4D6D-9F26-603003D0C7A1}.Release|ARM64.Build.0 = Release|Any CPU
		{843CC45E-F0BF-4D6D-9F26-603003D0C7A1}.Release|x64.ActiveCfg = Release|Any CPU
		{843CC45E-F0BF-4D6D-9F26-603003D0C7A1}.Release|x64.Build.0 = Release|Any CPU
		{843CC45E-F0BF-4D6D-9F26-603003D0C7A1}.Release|x86.ActiveCfg = Release|Any CPU
		{843CC45E-F0BF-4D6D-9F26-603003D0C7A1}.Release|x86.Build.0 = Release|Any CPU
		{2742CD10-014F-424A-940E-3F5874508756}.Debug|Any CPU.ActiveCfg = Debug|Any CPU
		{2742CD10-014F-424A-940E-3F5874508756}.Debug|Any CPU.Build.0 = Debug|Any CPU
		{2742CD10-014F-424A-940E-3F5874508756}.Debug|ARM.ActiveCfg = Debug|Any CPU
		{2742CD10-014F-424A-940E-3F5874508756}.Debug|ARM.Build.0 = Debug|Any CPU
		{2742CD10-014F-424A-940E-3F5874508756}.Debug|ARM64.ActiveCfg = Debug|Any CPU
		{2742CD10-014F-424A-940E-3F5874508756}.Debug|ARM64.Build.0 = Debug|Any CPU
		{2742CD10-014F-424A-940E-3F5874508756}.Debug|x64.ActiveCfg = Debug|Any CPU
		{2742CD10-014F-424A-940E-3F5874508756}.Debug|x64.Build.0 = Debug|Any CPU
		{2742CD10-014F-424A-940E-3F5874508756}.Debug|x86.ActiveCfg = Debug|Any CPU
		{2742CD10-014F-424A-940E-3F5874508756}.Debug|x86.Build.0 = Debug|Any CPU
		{2742CD10-014F-424A-940E-3F5874508756}.Release|Any CPU.ActiveCfg = Release|Any CPU
		{2742CD10-014F-424A-940E-3F5874508756}.Release|Any CPU.Build.0 = Release|Any CPU
		{2742CD10-014F-424A-940E-3F5874508756}.Release|ARM.ActiveCfg = Release|Any CPU
		{2742CD10-014F-424A-940E-3F5874508756}.Release|ARM.Build.0 = Release|Any CPU
		{2742CD10-014F-424A-940E-3F5874508756}.Release|ARM64.ActiveCfg = Release|Any CPU
		{2742CD10-014F-424A-940E-3F5874508756}.Release|ARM64.Build.0 = Release|Any CPU
		{2742CD10-014F-424A-940E-3F5874508756}.Release|x64.ActiveCfg = Release|Any CPU
		{2742CD10-014F-424A-940E-3F5874508756}.Release|x64.Build.0 = Release|Any CPU
		{2742CD10-014F-424A-940E-3F5874508756}.Release|x86.ActiveCfg = Release|Any CPU
		{2742CD10-014F-424A-940E-3F5874508756}.Release|x86.Build.0 = Release|Any CPU
		{8554EC17-1F31-4E14-96EB-014B8E1A87F2}.Debug|Any CPU.ActiveCfg = Debug|Any CPU
		{8554EC17-1F31-4E14-96EB-014B8E1A87F2}.Debug|Any CPU.Build.0 = Debug|Any CPU
		{8554EC17-1F31-4E14-96EB-014B8E1A87F2}.Debug|ARM.ActiveCfg = Debug|Any CPU
		{8554EC17-1F31-4E14-96EB-014B8E1A87F2}.Debug|ARM.Build.0 = Debug|Any CPU
		{8554EC17-1F31-4E14-96EB-014B8E1A87F2}.Debug|ARM64.ActiveCfg = Debug|Any CPU
		{8554EC17-1F31-4E14-96EB-014B8E1A87F2}.Debug|ARM64.Build.0 = Debug|Any CPU
		{8554EC17-1F31-4E14-96EB-014B8E1A87F2}.Debug|x64.ActiveCfg = Debug|Any CPU
		{8554EC17-1F31-4E14-96EB-014B8E1A87F2}.Debug|x64.Build.0 = Debug|Any CPU
		{8554EC17-1F31-4E14-96EB-014B8E1A87F2}.Debug|x86.ActiveCfg = Debug|Any CPU
		{8554EC17-1F31-4E14-96EB-014B8E1A87F2}.Debug|x86.Build.0 = Debug|Any CPU
		{8554EC17-1F31-4E14-96EB-014B8E1A87F2}.Release|Any CPU.ActiveCfg = Release|Any CPU
		{8554EC17-1F31-4E14-96EB-014B8E1A87F2}.Release|Any CPU.Build.0 = Release|Any CPU
		{8554EC17-1F31-4E14-96EB-014B8E1A87F2}.Release|ARM.ActiveCfg = Release|Any CPU
		{8554EC17-1F31-4E14-96EB-014B8E1A87F2}.Release|ARM.Build.0 = Release|Any CPU
		{8554EC17-1F31-4E14-96EB-014B8E1A87F2}.Release|ARM64.ActiveCfg = Release|Any CPU
		{8554EC17-1F31-4E14-96EB-014B8E1A87F2}.Release|ARM64.Build.0 = Release|Any CPU
		{8554EC17-1F31-4E14-96EB-014B8E1A87F2}.Release|x64.ActiveCfg = Release|Any CPU
		{8554EC17-1F31-4E14-96EB-014B8E1A87F2}.Release|x64.Build.0 = Release|Any CPU
		{8554EC17-1F31-4E14-96EB-014B8E1A87F2}.Release|x86.ActiveCfg = Release|Any CPU
		{8554EC17-1F31-4E14-96EB-014B8E1A87F2}.Release|x86.Build.0 = Release|Any CPU
	EndGlobalSection
	GlobalSection(SolutionProperties) = preSolution
		HideSolutionNode = FALSE
	EndGlobalSection
	GlobalSection(NestedProjects) = preSolution
		{C627BF1F-D7E0-4245-86D1-E5F6D8F35815} = {F71F15F9-DBC8-4F60-81DB-45CADFD544C1}
		{B7EA26CD-1CBD-414D-AF27-F0AAF996AA9D} = {F71F15F9-DBC8-4F60-81DB-45CADFD544C1}
	EndGlobalSection
	GlobalSection(ExtensibilityGlobals) = postSolution
		VisualSVNWorkingCopyRoot = .
		SolutionGuid = {E8DCFD6B-D0DE-4DBD-B032-D23CB70F6CFC}
	EndGlobalSection
EndGlobal
